
Microsoft Visual Studio Solution File, Format Version 12.00
# Visual Studio Version 17
VisualStudioVersion = 17.14.37111.16 d17.14
MinimumVisualStudioVersion = 10.0.40219.1
Project("{FAE04EC0-301F-11D3-BF4B-00C04F79EFBC}") = "practiceProblem0923", "practiceProblem0923.csproj", "{E9A7F7CF-B993-4CA1-8C8F-94D64B53DDD4}"
EndProject
Global
	GlobalSection(SolutionConfigurationPlatforms) = preSolution
		Debug|Any CPU = Debug|Any CPU
		Release|Any CPU = Release|Any CPU
	EndGlobalSection
	GlobalSection(ProjectConfigurationPlatforms) = postSolution
		{E9A7F7CF-B993-4CA1-8C8F-94D64B53DDD4}.Debug|Any CPU.ActiveCfg = Debug|Any CPU
		{E9A7F7CF-B993-4CA1-8C8F-94D64B53DDD4}.Debug|Any CPU.Build.0 = Debug|Any CPU
		{E9A7F7CF-B993-4CA1-8C8F-94D64B53DDD4}.Release|Any CPU.ActiveCfg = Release|Any CPU
		{E9A7F7CF-B993-4CA1-8C8F-94D64B53DDD4}.Release|Any CPU.Build.0 = Release|Any CPU
	EndGlobalSection
	GlobalSection(SolutionProperties) = preSolution
		HideSolutionNode = FALSE
	EndGlobalSection
	GlobalSection(ExtensibilityGlobals) = postSolution
		SolutionGuid = {09F9AE2C-7CFD-4D76-AAD2-5BBCC766F0D1}
	EndGlobalSection
EndGlobal
